
Microsoft Visual Studio Solution File, Format Version 12.00
# Visual Studio Version 16
VisualStudioVersion = 16.0.28822.285
MinimumVisualStudioVersion = 10.0.40219.1
Project("{FAE04EC0-301F-11D3-BF4B-00C04F79EFBC}") = "CinemaPicon", "CinemaPicon\CinemaPicon.csproj", "{CCB81B58-4295-4AA0-AAF7-ED0CBB991780}"
EndProject
Global
	GlobalSection(SolutionConfigurationPlatforms) = preSolution
		Debug|Any CPU = Debug|Any CPU
		Release|Any CPU = Release|Any CPU
	EndGlobalSection
	GlobalSection(ProjectConfigurationPlatforms) = postSolution
		{CCB81B58-4295-4AA0-AAF7-ED0CBB991780}.Debug|Any CPU.ActiveCfg = Debug|Any CPU
		{CCB81B58-4295-4AA0-AAF7-ED0CBB991780}.Debug|Any CPU.Build.0 = Debug|Any CPU
		{CCB81B58-4295-4AA0-AAF7-ED0CBB991780}.Release|Any CPU.ActiveCfg = Release|Any CPU
		{CCB81B58-4295-4AA0-AAF7-ED0CBB991780}.Release|Any CPU.Build.0 = Release|Any CPU
	EndGlobalSection
	GlobalSection(SolutionProperties) = preSolution
		HideSolutionNode = FALSE
	EndGlobalSection
	GlobalSection(ExtensibilityGlobals) = postSolution
		SolutionGuid = {AE173CEC-7306-4A26-8858-9E99C6E0B730}
	EndGlobalSection
EndGlobal
