
Microsoft Visual Studio Solution File, Format Version 12.00
# Visual Studio Version 17
VisualStudioVersion = 17.1.32228.430
MinimumVisualStudioVersion = 10.0.40219.1
Project("{9A19103F-16F7-4668-BE54-9A1E7A4F7556}") = "CineArtAPI", "CineArtAPI\CineArtAPI.csproj", "{6B48D828-A6B4-4B74-BA0E-6480948DA2C7}"
EndProject
Project("{9A19103F-16F7-4668-BE54-9A1E7A4F7556}") = "CineArtBack", "CineArtBack\CineArtBack.csproj", "{8EB059B2-A914-4263-89DC-76A679F1DF31}"
EndProject
Project("{9A19103F-16F7-4668-BE54-9A1E7A4F7556}") = "CineArtReportes", "CineArtReportes\CineArtReportes.csproj", "{462F9482-72E6-490D-9EC9-58746F2D6398}"
EndProject
Project("{FAE04EC0-301F-11D3-BF4B-00C04F79EFBC}") = "CineArtFront", "CinemaPicon\CinemaPicon\CineArtFront.csproj", "{CCB81B58-4295-4AA0-AAF7-ED0CBB991780}"
EndProject
Global
	GlobalSection(SolutionConfigurationPlatforms) = preSolution
		Debug|Any CPU = Debug|Any CPU
		Release|Any CPU = Release|Any CPU
	EndGlobalSection
	GlobalSection(ProjectConfigurationPlatforms) = postSolution
		{6B48D828-A6B4-4B74-BA0E-6480948DA2C7}.Debug|Any CPU.ActiveCfg = Debug|Any CPU
		{6B48D828-A6B4-4B74-BA0E-6480948DA2C7}.Debug|Any CPU.Build.0 = Debug|Any CPU
		{6B48D828-A6B4-4B74-BA0E-6480948DA2C7}.Release|Any CPU.ActiveCfg = Release|Any CPU
		{6B48D828-A6B4-4B74-BA0E-6480948DA2C7}.Release|Any CPU.Build.0 = Release|Any CPU
		{8EB059B2-A914-4263-89DC-76A679F1DF31}.Debug|Any CPU.ActiveCfg = Debug|Any CPU
		{8EB059B2-A914-4263-89DC-76A679F1DF31}.Debug|Any CPU.Build.0 = Debug|Any CPU
		{8EB059B2-A914-4263-89DC-76A679F1DF31}.Release|Any CPU.ActiveCfg = Release|Any CPU
		{8EB059B2-A914-4263-89DC-76A679F1DF31}.Release|Any CPU.Build.0 = Release|Any CPU
		{462F9482-72E6-490D-9EC9-58746F2D6398}.Debug|Any CPU.ActiveCfg = Debug|Any CPU
		{462F9482-72E6-490D-9EC9-58746F2D6398}.Debug|Any CPU.Build.0 = Debug|Any CPU
		{462F9482-72E6-490D-9EC9-58746F2D6398}.Release|Any CPU.ActiveCfg = Release|Any CPU
		{462F9482-72E6-490D-9EC9-58746F2D6398}.Release|Any CPU.Build.0 = Release|Any CPU
		{CCB81B58-4295-4AA0-AAF7-ED0CBB991780}.Debug|Any CPU.ActiveCfg = Debug|Any CPU
		{CCB81B58-4295-4AA0-AAF7-ED0CBB991780}.Debug|Any CPU.Build.0 = Debug|Any CPU
		{CCB81B58-4295-4AA0-AAF7-ED0CBB991780}.Release|Any CPU.ActiveCfg = Release|Any CPU
		{CCB81B58-4295-4AA0-AAF7-ED0CBB991780}.Release|Any CPU.Build.0 = Release|Any CPU
	EndGlobalSection
	GlobalSection(SolutionProperties) = preSolution
		HideSolutionNode = FALSE
	EndGlobalSection
	GlobalSection(ExtensibilityGlobals) = postSolution
		SolutionGuid = {DCEEB3E7-A95B-418F-B689-40D3B2F38FCB}
	EndGlobalSection
EndGlobal
